// !$*UTF8*$!
{
	archiveVersion = 1;
	classes = {
	};
	objectVersion = 56;
	objects = {

/* Begin PBXBuildFile section */
		2E0BF4112B3279B60012B035 /* NFCReadWriteSampleApp.swift in Sources */ = {isa = PBXBuildFile; fileRef = 2E0BF4102B3279B60012B035 /* NFCReadWriteSampleApp.swift */; };
		2E0BF4132B3279B60012B035 /* ContentView.swift in Sources */ = {isa = PBXBuildFile; fileRef = 2E0BF4122B3279B60012B035 /* ContentView.swift */; };
		2E0BF4152B3279B60012B035 /* Assets.xcassets in Resources */ = {isa = PBXBuildFile; fileRef = 2E0BF4142B3279B60012B035 /* Assets.xcassets */; };
		2E0BF4182B3279B60012B035 /* Preview Assets.xcassets in Resources */ = {isa = PBXBuildFile; fileRef = 2E0BF4172B3279B60012B035 /* Preview Assets.xcassets */; };
		2E0BF4222B3279B60012B035 /* NFCReadWriteSampleTests.swift in Sources */ = {isa = PBXBuildFile; fileRef = 2E0BF4212B3279B60012B035 /* NFCReadWriteSampleTests.swift */; };
		2E0BF42C2B3279B60012B035 /* NFCReadWriteSampleUITests.swift in Sources */ = {isa = PBXBuildFile; fileRef = 2E0BF42B2B3279B60012B035 /* NFCReadWriteSampleUITests.swift */; };
		2E0BF42E2B3279B60012B035 /* NFCReadWriteSampleUITestsLaunchTests.swift in Sources */ = {isa = PBXBuildFile; fileRef = 2E0BF42D2B3279B60012B035 /* NFCReadWriteSampleUITestsLaunchTests.swift */; };
		2E0BF43B2B327B950012B035 /* NFCOperationsHandler.swift in Sources */ = {isa = PBXBuildFile; fileRef = 2E0BF43A2B327B950012B035 /* NFCOperationsHandler.swift */; };
/* End PBXBuildFile section */

/* Begin PBXContainerItemProxy section */
		2E0BF41E2B3279B60012B035 /* PBXContainerItemProxy */ = {
			isa = PBXContainerItemProxy;
			containerPortal = 2E0BF4052B3279B60012B035 /* Project object */;
			proxyType = 1;
			remoteGlobalIDString = 2E0BF40C2B3279B60012B035;
			remoteInfo = NFCReadWriteSample;
		};
		2E0BF4282B3279B60012B035 /* PBXContainerItemProxy */ = {
			isa = PBXContainerItemProxy;
			containerPortal = 2E0BF4052B3279B60012B035 /* Project object */;
			proxyType = 1;
			remoteGlobalIDString = 2E0BF40C2B3279B60012B035;
			remoteInfo = NFCReadWriteSample;
		};
/* End PBXContainerItemProxy section */

/* Begin PBXFileReference section */
		2E0BF40D2B3279B60012B035 /* NFCReadWriteSample.app */ = {isa = PBXFileReference; explicitFileType = wrapper.application; includeInIndex = 0; path = NFCReadWriteSample.app; sourceTree = BUILT_PRODUCTS_DIR; };
		2E0BF4102B3279B60012B035 /* NFCReadWriteSampleApp.swift */ = {isa = PBXFileReference; lastKnownFileType = sourcecode.swift; path = NFCReadWriteSampleApp.swift; sourceTree = "<group>"; };
		2E0BF4122B3279B60012B035 /* ContentView.swift */ = {isa = PBXFileReference; lastKnownFileType = sourcecode.swift; path = ContentView.swift; sourceTree = "<group>"; };
		2E0BF4142B3279B60012B035 /* Assets.xcassets */ = {isa = PBXFileReference; lastKnownFileType = folder.assetcatalog; path = Assets.xcassets; sourceTree = "<group>"; };
		2E0BF4172B3279B60012B035 /* Preview Assets.xcassets */ = {isa = PBXFileReference; lastKnownFileType = folder.assetcatalog; path = "Preview Assets.xcassets"; sourceTree = "<group>"; };
		2E0BF41D2B3279B60012B035 /* NFCReadWriteSampleTests.xctest */ = {isa = PBXFileReference; explicitFileType = wrapper.cfbundle; includeInIndex = 0; path = NFCReadWriteSampleTests.xctest; sourceTree = BUILT_PRODUCTS_DIR; };
		2E0BF4212B3279B60012B035 /* NFCReadWriteSampleTests.swift */ = {isa = PBXFileReference; lastKnownFileType = sourcecode.swift; path = NFCReadWriteSampleTests.swift; sourceTree = "<group>"; };
		2E0BF4272B3279B60012B035 /* NFCReadWriteSampleUITests.xctest */ = {isa = PBXFileReference; explicitFileType = wrapper.cfbundle; includeInIndex = 0; path = NFCReadWriteSampleUITests.xctest; sourceTree = BUILT_PRODUCTS_DIR; };
		2E0BF42B2B3279B60012B035 /* NFCReadWriteSampleUITests.swift */ = {isa = PBXFileReference; lastKnownFileType = sourcecode.swift; path = NFCReadWriteSampleUITests.swift; sourceTree = "<group>"; };
		2E0BF42D2B3279B60012B035 /* NFCReadWriteSampleUITestsLaunchTests.swift */ = {isa = PBXFileReference; lastKnownFileType = sourcecode.swift; path = NFCReadWriteSampleUITestsLaunchTests.swift; sourceTree = "<group>"; };
		2E0BF43A2B327B950012B035 /* NFCOperationsHandler.swift */ = {isa = PBXFileReference; lastKnownFileType = sourcecode.swift; path = NFCOperationsHandler.swift; sourceTree = "<group>"; };
		2E0BF43C2B3283950012B035 /* NFCReadWriteSample.entitlements */ = {isa = PBXFileReference; lastKnownFileType = text.plist.entitlements; path = NFCReadWriteSample.entitlements; sourceTree = "<group>"; };
/* End PBXFileReference section */

/* Begin PBXFrameworksBuildPhase section */
		2E0BF40A2B3279B60012B035 /* Frameworks */ = {
			isa = PBXFrameworksBuildPhase;
			buildActionMask = 2147483647;
			files = (
			);
			runOnlyForDeploymentPostprocessing = 0;
		};
		2E0BF41A2B3279B60012B035 /* Frameworks */ = {
			isa = PBXFrameworksBuildPhase;
			buildActionMask = 2147483647;
			files = (
			);
			runOnlyForDeploymentPostprocessing = 0;
		};
		2E0BF4242B3279B60012B035 /* Frameworks */ = {
			isa = PBXFrameworksBuildPhase;
			buildActionMask = 2147483647;
			files = (
			);
			runOnlyForDeploymentPostprocessing = 0;
		};
/* End PBXFrameworksBuildPhase section */

/* Begin PBXGroup section */
		2E0BF4042B3279B60012B035 = {
			isa = PBXGroup;
			children = (
				2E0BF40F2B3279B60012B035 /* NFCReadWriteSample */,
				2E0BF4202B3279B60012B035 /* NFCReadWriteSampleTests */,
				2E0BF42A2B3279B60012B035 /* NFCReadWriteSampleUITests */,
				2E0BF40E2B3279B60012B035 /* Products */,
			);
			sourceTree = "<group>";
		};
		2E0BF40E2B3279B60012B035 /* Products */ = {
			isa = PBXGroup;
			children = (
				2E0BF40D2B3279B60012B035 /* NFCReadWriteSample.app */,
				2E0BF41D2B3279B60012B035 /* NFCReadWriteSampleTests.xctest */,
				2E0BF4272B3279B60012B035 /* NFCReadWriteSampleUITests.xctest */,
			);
			name = Products;
			sourceTree = "<group>";
		};
		2E0BF40F2B3279B60012B035 /* NFCReadWriteSample */ = {
			isa = PBXGroup;
			children = (
				2E0BF43C2B3283950012B035 /* NFCReadWriteSample.entitlements */,
				2E0BF4102B3279B60012B035 /* NFCReadWriteSampleApp.swift */,
				2E0BF43A2B327B950012B035 /* NFCOperationsHandler.swift */,
				2E0BF4122B3279B60012B035 /* ContentView.swift */,
				2E0BF4142B3279B60012B035 /* Assets.xcassets */,
				2E0BF4162B3279B60012B035 /* Preview Content */,
			);
			path = NFCReadWriteSample;
			sourceTree = "<group>";
		};
		2E0BF4162B3279B60012B035 /* Preview Content */ = {
			isa = PBXGroup;
			children = (
				2E0BF4172B3279B60012B035 /* Preview Assets.xcassets */,
			);
			path = "Preview Content";
			sourceTree = "<group>";
		};
		2E0BF4202B3279B60012B035 /* NFCReadWriteSampleTests */ = {
			isa = PBXGroup;
			children = (
				2E0BF4212B3279B60012B035 /* NFCReadWriteSampleTests.swift */,
			);
			path = NFCReadWriteSampleTests;
			sourceTree = "<group>";
		};
		2E0BF42A2B3279B60012B035 /* NFCReadWriteSampleUITests */ = {
			isa = PBXGroup;
			children = (
				2E0BF42B2B3279B60012B035 /* NFCReadWriteSampleUITests.swift */,
				2E0BF42D2B3279B60012B035 /* NFCReadWriteSampleUITestsLaunchTests.swift */,
			);
			path = NFCReadWriteSampleUITests;
			sourceTree = "<group>";
		};
/* End PBXGroup section */

/* Begin PBXNativeTarget section */
		2E0BF40C2B3279B60012B035 /* NFCReadWriteSample */ = {
			isa = PBXNativeTarget;
			buildConfigurationList = 2E0BF4312B3279B60012B035 /* Build configuration list for PBXNativeTarget "NFCReadWriteSample" */;
			buildPhases = (
				2E0BF4092B3279B60012B035 /* Sources */,
				2E0BF40A2B3279B60012B035 /* Frameworks */,
				2E0BF40B2B3279B60012B035 /* Resources */,
			);
			buildRules = (
			);
			dependencies = (
			);
			name = NFCReadWriteSample;
			productName = NFCReadWriteSample;
			productReference = 2E0BF40D2B3279B60012B035 /* NFCReadWriteSample.app */;
			productType = "com.apple.product-type.application";
		};
		2E0BF41C2B3279B60012B035 /* NFCReadWriteSampleTests */ = {
			isa = PBXNativeTarget;
			buildConfigurationList = 2E0BF4342B3279B60012B035 /* Build configuration list for PBXNativeTarget "NFCReadWriteSampleTests" */;
			buildPhases = (
				2E0BF4192B3279B60012B035 /* Sources */,
				2E0BF41A2B3279B60012B035 /* Frameworks */,
				2E0BF41B2B3279B60012B035 /* Resources */,
			);
			buildRules = (
			);
			dependencies = (
				2E0BF41F2B3279B60012B035 /* PBXTargetDependency */,
			);
			name = NFCReadWriteSampleTests;
			productName = NFCReadWriteSampleTests;
			productReference = 2E0BF41D2B3279B60012B035 /* NFCReadWriteSampleTests.xctest */;
			productType = "com.apple.product-type.bundle.unit-test";
		};
		2E0BF4262B3279B60012B035 /* NFCReadWriteSampleUITests */ = {
			isa = PBXNativeTarget;
			buildConfigurationList = 2E0BF4372B3279B60012B035 /* Build configuration list for PBXNativeTarget "NFCReadWriteSampleUITests" */;
			buildPhases = (
				2E0BF4232B3279B60012B035 /* Sources */,
				2E0BF4242B3279B60012B035 /* Frameworks */,
				2E0BF4252B3279B60012B035 /* Resources */,
			);
			buildRules = (
			);
			dependencies = (
				2E0BF4292B3279B60012B035 /* PBXTargetDependency */,
			);
			name = NFCReadWriteSampleUITests;
			productName = NFCReadWriteSampleUITests;
			productReference = 2E0BF4272B3279B60012B035 /* NFCReadWriteSampleUITests.xctest */;
			productType = "com.apple.product-type.bundle.ui-testing";
		};
/* End PBXNativeTarget section */

/* Begin PBXProject section */
		2E0BF4052B3279B60012B035 /* Project object */ = {
			isa = PBXProject;
			attributes = {
				BuildIndependentTargetsInParallel = 1;
				LastSwiftUpdateCheck = 1510;
				LastUpgradeCheck = 1510;
				TargetAttributes = {
					2E0BF40C2B3279B60012B035 = {
						CreatedOnToolsVersion = 15.1;
					};
					2E0BF41C2B3279B60012B035 = {
						CreatedOnToolsVersion = 15.1;
						TestTargetID = 2E0BF40C2B3279B60012B035;
					};
					2E0BF4262B3279B60012B035 = {
						CreatedOnToolsVersion = 15.1;
						TestTargetID = 2E0BF40C2B3279B60012B035;
					};
				};
			};
			buildConfigurationList = 2E0BF4082B3279B60012B035 /* Build configuration list for PBXProject "NFCReadWriteSample" */;
			compatibilityVersion = "Xcode 14.0";
			developmentRegion = en;
			hasScannedForEncodings = 0;
			knownRegions = (
				en,
				Base,
			);
			mainGroup = 2E0BF4042B3279B60012B035;
			productRefGroup = 2E0BF40E2B3279B60012B035 /* Products */;
			projectDirPath = "";
			projectRoot = "";
			targets = (
				2E0BF40C2B3279B60012B035 /* NFCReadWriteSample */,
				2E0BF41C2B3279B60012B035 /* NFCReadWriteSampleTests */,
				2E0BF4262B3279B60012B035 /* NFCReadWriteSampleUITests */,
			);
		};
/* End PBXProject section */

/* Begin PBXResourcesBuildPhase section */
		2E0BF40B2B3279B60012B035 /* Resources */ = {
			isa = PBXResourcesBuildPhase;
			buildActionMask = 2147483647;
			files = (
				2E0BF4182B3279B60012B035 /* Preview Assets.xcassets in Resources */,
				2E0BF4152B3279B60012B035 /* Assets.xcassets in Resources */,
			);
			runOnlyForDeploymentPostprocessing = 0;
		};
		2E0BF41B2B3279B60012B035 /* Resources */ = {
			isa = PBXResourcesBuildPhase;
			buildActionMask = 2147483647;
			files = (
			);
			runOnlyForDeploymentPostprocessing = 0;
		};
		2E0BF4252B3279B60012B035 /* Resources */ = {
			isa = PBXResourcesBuildPhase;
			buildActionMask = 2147483647;
			files = (
			);
			runOnlyForDeploymentPostprocessing = 0;
		};
/* End PBXResourcesBuildPhase section */

/* Begin PBXSourcesBuildPhase section */
		2E0BF4092B3279B60012B035 /* Sources */ = {
			isa = PBXSourcesBuildPhase;
			buildActionMask = 2147483647;
			files = (
				2E0BF43B2B327B950012B035 /* NFCOperationsHandler.swift in Sources */,
				2E0BF4132B3279B60012B035 /* ContentView.swift in Sources */,
				2E0BF4112B3279B60012B035 /* NFCReadWriteSampleApp.swift in Sources */,
			);
			runOnlyForDeploymentPostprocessing = 0;
		};
		2E0BF4192B3279B60012B035 /* Sources */ = {
			isa = PBXSourcesBuildPhase;
			buildActionMask = 2147483647;
			files = (
				2E0BF4222B3279B60012B035 /* NFCReadWriteSampleTests.swift in Sources */,
			);
			runOnlyForDeploymentPostprocessing = 0;
		};
		2E0BF4232B3279B60012B035 /* Sources */ = {
			isa = PBXSourcesBuildPhase;
			buildActionMask = 2147483647;
			files = (
				2E0BF42E2B3279B60012B035 /* NFCReadWriteSampleUITestsLaunchTests.swift in Sources */,
				2E0BF42C2B3279B60012B035 /* NFCReadWriteSampleUITests.swift in Sources */,
			);
			runOnlyForDeploymentPostprocessing = 0;
		};
/* End PBXSourcesBuildPhase section */

/* Begin PBXTargetDependency section */
		2E0BF41F2B3279B60012B035 /* PBXTargetDependency */ = {
			isa = PBXTargetDependency;
			target = 2E0BF40C2B3279B60012B035 /* NFCReadWriteSample */;
			targetProxy = 2E0BF41E2B3279B60012B035 /* PBXContainerItemProxy */;
		};
		2E0BF4292B3279B60012B035 /* PBXTargetDependency */ = {
			isa = PBXTargetDependency;
			target = 2E0BF40C2B3279B60012B035 /* NFCReadWriteSample */;
			targetProxy = 2E0BF4282B3279B60012B035 /* PBXContainerItemProxy */;
		};
/* End PBXTargetDependency section */

/* Begin XCBuildConfiguration section */
		2E0BF42F2B3279B60012B035 /* Debug */ = {
			isa = XCBuildConfiguration;
			buildSettings = {
				ALWAYS_SEARCH_USER_PATHS = NO;
				ASSETCATALOG_COMPILER_GENERATE_SWIFT_ASSET_SYMBOL_EXTENSIONS = YES;
				CLANG_ANALYZER_NONNULL = YES;
				CLANG_ANALYZER_NUMBER_OBJECT_CONVERSION = YES_AGGRESSIVE;
				CLANG_CXX_LANGUAGE_STANDARD = "gnu++20";
				CLANG_ENABLE_MODULES = YES;
				CLANG_ENABLE_OBJC_ARC = YES;
				CLANG_ENABLE_OBJC_WEAK = YES;
				CLANG_WARN_BLOCK_CAPTURE_AUTORELEASING = YES;
				CLANG_WARN_BOOL_CONVERSION = YES;
				CLANG_WARN_COMMA = YES;
				CLANG_WARN_CONSTANT_CONVERSION = YES;
				CLANG_WARN_DEPRECATED_OBJC_IMPLEMENTATIONS = YES;
				CLANG_WARN_DIRECT_OBJC_ISA_USAGE = YES_ERROR;
				CLANG_WARN_DOCUMENTATION_COMMENTS = YES;
				CLANG_WARN_EMPTY_BODY = YES;
				CLANG_WARN_ENUM_CONVERSION = YES;
				CLANG_WARN_INFINITE_RECURSION = YES;
				CLANG_WARN_INT_CONVERSION = YES;
				CLANG_WARN_NON_LITERAL_NULL_CONVERSION = YES;
				CLANG_WARN_OBJC_IMPLICIT_RETAIN_SELF = YES;
				CLANG_WARN_OBJC_LITERAL_CONVERSION = YES;
				CLANG_WARN_OBJC_ROOT_CLASS = YES_ERROR;
				CLANG_WARN_QUOTED_INCLUDE_IN_FRAMEWORK_HEADER = YES;
				CLANG_WARN_RANGE_LOOP_ANALYSIS = YES;
				CLANG_WARN_STRICT_PROTOTYPES = YES;
				CLANG_WARN_SUSPICIOUS_MOVE = YES;
				CLANG_WARN_UNGUARDED_AVAILABILITY = YES_AGGRESSIVE;
				CLANG_WARN_UNREACHABLE_CODE = YES;
				CLANG_WARN__DUPLICATE_METHOD_MATCH = YES;
				COPY_PHASE_STRIP = NO;
				DEBUG_INFORMATION_FORMAT = dwarf;
				ENABLE_STRICT_OBJC_MSGSEND = YES;
				ENABLE_TESTABILITY = YES;
				ENABLE_USER_SCRIPT_SANDBOXING = YES;
				GCC_C_LANGUAGE_STANDARD = gnu17;
				GCC_DYNAMIC_NO_PIC = NO;
				GCC_NO_COMMON_BLOCKS = YES;
				GCC_OPTIMIZATION_LEVEL = 0;
				GCC_PREPROCESSOR_DEFINITIONS = (
					"DEBUG=1",
					"$(inherited)",
				);
				GCC_WARN_64_TO_32_BIT_CONVERSION = YES;
				GCC_WARN_ABOUT_RETURN_TYPE = YES_ERROR;
				GCC_WARN_UNDECLARED_SELECTOR = YES;
				GCC_WARN_UNINITIALIZED_AUTOS = YES_AGGRESSIVE;
				GCC_WARN_UNUSED_FUNCTION = YES;
				GCC_WARN_UNUSED_VARIABLE = YES;
				IPHONEOS_DEPLOYMENT_TARGET = 15.0;
				LOCALIZATION_PREFERS_STRING_CATALOGS = YES;
				MTL_ENABLE_DEBUG_INFO = INCLUDE_SOURCE;
				MTL_FAST_MATH = YES;
				ONLY_ACTIVE_ARCH = YES;
				SDKROOT = iphoneos;
				SWIFT_ACTIVE_COMPILATION_CONDITIONS = "DEBUG $(inherited)";
				SWIFT_OPTIMIZATION_LEVEL = "-Onone";
			};
			name = Debug;
		};
		2E0BF4302B3279B60012B035 /* Release */ = {
			isa = XCBuildConfiguration;
			buildSettings = {
				ALWAYS_SEARCH_USER_PATHS = NO;
				ASSETCATALOG_COMPILER_GENERATE_SWIFT_ASSET_SYMBOL_EXTENSIONS = YES;
				CLANG_ANALYZER_NONNULL = YES;
				CLANG_ANALYZER_NUMBER_OBJECT_CONVERSION = YES_AGGRESSIVE;
				CLANG_CXX_LANGUAGE_STANDARD = "gnu++20";
				CLANG_ENABLE_MODULES = YES;
				CLANG_ENABLE_OBJC_ARC = YES;
				CLANG_ENABLE_OBJC_WEAK = YES;
				CLANG_WARN_BLOCK_CAPTURE_AUTORELEASING = YES;
				CLANG_WARN_BOOL_CONVERSION = YES;
				CLANG_WARN_COMMA = YES;
				CLANG_WARN_CONSTANT_CONVERSION = YES;
				CLANG_WARN_DEPRECATED_OBJC_IMPLEMENTATIONS = YES;
				CLANG_WARN_DIRECT_OBJC_ISA_USAGE = YES_ERROR;
				CLANG_WARN_DOCUMENTATION_COMMENTS = YES;
				CLANG_WARN_EMPTY_BODY = YES;
				CLANG_WARN_ENUM_CONVERSION = YES;
				CLANG_WARN_INFINITE_RECURSION = YES;
				CLANG_WARN_INT_CONVERSION = YES;
				CLANG_WARN_NON_LITERAL_NULL_CONVERSION = YES;
				CLANG_WARN_OBJC_IMPLICIT_RETAIN_SELF = YES;
				CLANG_WARN_OBJC_LITERAL_CONVERSION = YES;
				CLANG_WARN_OBJC_ROOT_CLASS = YES_ERROR;
				CLANG_WARN_QUOTED_INCLUDE_IN_FRAMEWORK_HEADER = YES;
				CLANG_WARN_RANGE_LOOP_ANALYSIS = YES;
				CLANG_WARN_STRICT_PROTOTYPES = YES;
				CLANG_WARN_SUSPICIOUS_MOVE = YES;
				CLANG_WARN_UNGUARDED_AVAILABILITY = YES_AGGRESSIVE;
				CLANG_WARN_UNREACHABLE_CODE = YES;
				CLANG_WARN__DUPLICATE_METHOD_MATCH = YES;
				COPY_PHASE_STRIP = NO;
				DEBUG_INFORMATION_FORMAT = "dwarf-with-dsym";
				ENABLE_NS_ASSERTIONS = NO;
				ENABLE_STRICT_OBJC_MSGSEND = YES;
				ENABLE_USER_SCRIPT_SANDBOXING = YES;
				GCC_C_LANGUAGE_STANDARD = gnu17;
				GCC_NO_COMMON_BLOCKS = YES;
				GCC_WARN_64_TO_32_BIT_CONVERSION = YES;
				GCC_WARN_ABOUT_RETURN_TYPE = YES_ERROR;
				GCC_WARN_UNDECLARED_SELECTOR = YES;
				GCC_WARN_UNINITIALIZED_AUTOS = YES_AGGRESSIVE;
				GCC_WARN_UNUSED_FUNCTION = YES;
				GCC_WARN_UNUSED_VARIABLE = YES;
				IPHONEOS_DEPLOYMENT_TARGET = 15.0;
				LOCALIZATION_PREFERS_STRING_CATALOGS = YES;
				MTL_ENABLE_DEBUG_INFO = NO;
				MTL_FAST_MATH = YES;
				SDKROOT = iphoneos;
				SWIFT_COMPILATION_MODE = wholemodule;
				VALIDATE_PRODUCT = YES;
			};
			name = Release;
		};
		2E0BF4322B3279B60012B035 /* Debug */ = {
			isa = XCBuildConfiguration;
			buildSettings = {
				ASSETCATALOG_COMPILER_APPICON_NAME = AppIcon;
				ASSETCATALOG_COMPILER_GLOBAL_ACCENT_COLOR_NAME = AccentColor;
				CODE_SIGN_ENTITLEMENTS = NFCReadWriteSample/NFCReadWriteSample.entitlements;
				CODE_SIGN_STYLE = Automatic;
				CURRENT_PROJECT_VERSION = 1;
				DEVELOPMENT_ASSET_PATHS = "\"NFCReadWriteSample/Preview Content\"";
				DEVELOPMENT_TEAM = RQXFK5449U;
				ENABLE_PREVIEWS = YES;
				GENERATE_INFOPLIST_FILE = YES;
				INFOPLIST_KEY_NFCReaderUsageDescription = "App needs scanning NFC permission";
				INFOPLIST_KEY_UIApplicationSceneManifest_Generation = YES;
				INFOPLIST_KEY_UIApplicationSupportsIndirectInputEvents = YES;
				INFOPLIST_KEY_UILaunchScreen_Generation = YES;
				INFOPLIST_KEY_UISupportedInterfaceOrientations_iPad = "UIInterfaceOrientationPortrait UIInterfaceOrientationPortraitUpsideDown UIInterfaceOrientationLandscapeLeft UIInterfaceOrientationLandscapeRight";
				INFOPLIST_KEY_UISupportedInterfaceOrientations_iPhone = "UIInterfaceOrientationPortrait UIInterfaceOrientationLandscapeLeft UIInterfaceOrientationLandscapeRight";
				LD_RUNPATH_SEARCH_PATHS = (
					"$(inherited)",
					"@executable_path/Frameworks",
				);
				MARKETING_VERSION = 1.0;
				PRODUCT_BUNDLE_IDENTIFIER = com.maochun.NFCReadWriteSample;
				PRODUCT_NAME = "$(TARGET_NAME)";
				SWIFT_EMIT_LOC_STRINGS = YES;
				SWIFT_VERSION = 5.0;
				TARGETED_DEVICE_FAMILY = "1,2";
			};
			name = Debug;
		};
		2E0BF4332B3279B60012B035 /* Release */ = {
			isa = XCBuildConfiguration;
			buildSettings = {
				ASSETCATALOG_COMPILER_APPICON_NAME = AppIcon;
				ASSETCATALOG_COMPILER_GLOBAL_ACCENT_COLOR_NAME = AccentColor;
				CODE_SIGN_ENTITLEMENTS = NFCReadWriteSample/NFCReadWriteSample.entitlements;
				CODE_SIGN_STYLE = Automatic;
				CURRENT_PROJECT_VERSION = 1;
				DEVELOPMENT_ASSET_PATHS = "\"NFCReadWriteSample/Preview Content\"";
				DEVELOPMENT_TEAM = RQXFK5449U;
				ENABLE_PREVIEWS = YES;
				GENERATE_INFOPLIST_FILE = YES;
				INFOPLIST_KEY_NFCReaderUsageDescription = "App needs scanning NFC permission";
				INFOPLIST_KEY_UIApplicationSceneManifest_Generation = YES;
				INFOPLIST_KEY_UIApplicationSupportsIndirectInputEvents = YES;
				INFOPLIST_KEY_UILaunchScreen_Generation = YES;
				INFOPLIST_KEY_UISupportedInterfaceOrientations_iPad = "UIInterfaceOrientationPortrait UIInterfaceOrientationPortraitUpsideDown UIInterfaceOrientationLandscapeLeft UIInterfaceOrientationLandscapeRight";
				INFOPLIST_KEY_UISupportedInterfaceOrientations_iPhone = "UIInterfaceOrientationPortrait UIInterfaceOrientationLandscapeLeft UIInterfaceOrientationLandscapeRight";
				LD_RUNPATH_SEARCH_PATHS = (
					"$(inherited)",
					"@executable_path/Frameworks",
				);
				MARKETING_VERSION = 1.0;
				PRODUCT_BUNDLE_IDENTIFIER = com.maochun.NFCReadWriteSample;
				PRODUCT_NAME = "$(TARGET_NAME)";
				SWIFT_EMIT_LOC_STRINGS = YES;
				SWIFT_VERSION = 5.0;
				TARGETED_DEVICE_FAMILY = "1,2";
			};
			name = Release;
		};
		2E0BF4352B3279B60012B035 /* Debug */ = {
			isa = XCBuildConfiguration;
			buildSettings = {
				ALWAYS_EMBED_SWIFT_STANDARD_LIBRARIES = YES;
				BUNDLE_LOADER = "$(TEST_HOST)";
				CODE_SIGN_STYLE = Automatic;
				CURRENT_PROJECT_VERSION = 1;
				DEVELOPMENT_TEAM = RQXFK5449U;
				GENERATE_INFOPLIST_FILE = YES;
				IPHONEOS_DEPLOYMENT_TARGET = 17.2;
				MARKETING_VERSION = 1.0;
				PRODUCT_BUNDLE_IDENTIFIER = com.maochun.NFCReadWriteSampleTests;
				PRODUCT_NAME = "$(TARGET_NAME)";
				SWIFT_EMIT_LOC_STRINGS = NO;
				SWIFT_VERSION = 5.0;
				TARGETED_DEVICE_FAMILY = "1,2";
				TEST_HOST = "$(BUILT_PRODUCTS_DIR)/NFCReadWriteSample.app/$(BUNDLE_EXECUTABLE_FOLDER_PATH)/NFCReadWriteSample";
			};
			name = Debug;
		};
		2E0BF4362B3279B60012B035 /* Release */ = {
			isa = XCBuildConfiguration;
			buildSettings = {
				ALWAYS_EMBED_SWIFT_STANDARD_LIBRARIES = YES;
				BUNDLE_LOADER = "$(TEST_HOST)";
				CODE_SIGN_STYLE = Automatic;
				CURRENT_PROJECT_VERSION = 1;
				DEVELOPMENT_TEAM = RQXFK5449U;
				GENERATE_INFOPLIST_FILE = YES;
				IPHONEOS_DEPLOYMENT_TARGET = 17.2;
				MARKETING_VERSION = 1.0;
				PRODUCT_BUNDLE_IDENTIFIER = com.maochun.NFCReadWriteSampleTests;
				PRODUCT_NAME = "$(TARGET_NAME)";
				SWIFT_EMIT_LOC_STRINGS = NO;
				SWIFT_VERSION = 5.0;
				TARGETED_DEVICE_FAMILY = "1,2";
				TEST_HOST = "$(BUILT_PRODUCTS_DIR)/NFCReadWriteSample.app/$(BUNDLE_EXECUTABLE_FOLDER_PATH)/NFCReadWriteSample";
			};
			name = Release;
		};
		2E0BF4382B3279B60012B035 /* Debug */ = {
			isa = XCBuildConfiguration;
			buildSettings = {
				ALWAYS_EMBED_SWIFT_STANDARD_LIBRARIES = YES;
				CODE_SIGN_STYLE = Automatic;
				CURRENT_PROJECT_VERSION = 1;
				DEVELOPMENT_TEAM = RQXFK5449U;
				GENERATE_INFOPLIST_FILE = YES;
				MARKETING_VERSION = 1.0;
				PRODUCT_BUNDLE_IDENTIFIER = com.maochun.NFCReadWriteSampleUITests;
				PRODUCT_NAME = "$(TARGET_NAME)";
				SWIFT_EMIT_LOC_STRINGS = NO;
				SWIFT_VERSION = 5.0;
				TARGETED_DEVICE_FAMILY = "1,2";
				TEST_TARGET_NAME = NFCReadWriteSample;
			};
			name = Debug;
		};
		2E0BF4392B3279B60012B035 /* Release */ = {
			isa = XCBuildConfiguration;
			buildSettings = {
				ALWAYS_EMBED_SWIFT_STANDARD_LIBRARIES = YES;
				CODE_SIGN_STYLE = Automatic;
				CURRENT_PROJECT_VERSION = 1;
				DEVELOPMENT_TEAM = RQXFK5449U;
				GENERATE_INFOPLIST_FILE = YES;
				MARKETING_VERSION = 1.0;
				PRODUCT_BUNDLE_IDENTIFIER = com.maochun.NFCReadWriteSampleUITests;
				PRODUCT_NAME = "$(TARGET_NAME)";
				SWIFT_EMIT_LOC_STRINGS = NO;
				SWIFT_VERSION = 5.0;
				TARGETED_DEVICE_FAMILY = "1,2";
				TEST_TARGET_NAME = NFCReadWriteSample;
			};
			name = Release;
		};
/* End XCBuildConfiguration section */

/* Begin XCConfigurationList section */
		2E0BF4082B3279B60012B035 /* Build configuration list for PBXProject "NFCReadWriteSample" */ = {
			isa = XCConfigurationList;
			buildConfigurations = (
				2E0BF42F2B3279B60012B035 /* Debug */,
				2E0BF4302B3279B60012B035 /* Release */,
			);
			defaultConfigurationIsVisible = 0;
			defaultConfigurationName = Release;
		};
		2E0BF4312B3279B60012B035 /* Build configuration list for PBXNativeTarget "NFCReadWriteSample" */ = {
			isa = XCConfigurationList;
			buildConfigurations = (
				2E0BF4322B3279B60012B035 /* Debug */,
				2E0BF4332B3279B60012B035 /* Release */,
			);
			defaultConfigurationIsVisible = 0;
			defaultConfigurationName = Release;
		};
		2E0BF4342B3279B60012B035 /* Build configuration list for PBXNativeTarget "NFCReadWriteSampleTests" */ = {
			isa = XCConfigurationList;
			buildConfigurations = (
				2E0BF4352B3279B60012B035 /* Debug */,
				2E0BF4362B3279B60012B035 /* Release */,
			);
			defaultConfigurationIsVisible = 0;
			defaultConfigurationName = Release;
		};
		2E0BF4372B3279B60012B035 /* Build configuration list for PBXNativeTarget "NFCReadWriteSampleUITests" */ = {
			isa = XCConfigurationList;
			buildConfigurations = (
				2E0BF4382B3279B60012B035 /* Debug */,
				2E0BF4392B3279B60012B035 /* Release */,
			);
			defaultConfigurationIsVisible = 0;
			defaultConfigurationName = Release;
		};
/* End XCConfigurationList section */
	};
	rootObject = 2E0BF4052B3279B60012B035 /* Project object */;
}
